
Microsoft Visual Studio Solution File, Format Version 12.00
# Visual Studio 2015
Project("{FAE04EC0-301F-11D3-BF4B-00C04F79EFBC}") = "Kays.CSharp", "Kays.CSharp.csproj", "{3723FC83-187A-8A4E-CFC0-CEA47E615B19}"
EndProject
Project("{FAE04EC0-301F-11D3-BF4B-00C04F79EFBC}") = "Kays.CSharp.Editor", "Kays.CSharp.Editor.csproj", "{7FA18694-9410-738A-2B77-CC5FCB0E40A2}"
EndProject
Global
	GlobalSection(SolutionConfigurationPlatforms) = preSolution
		Debug|Any CPU = Debug|Any CPU
		Release|Any CPU = Release|Any CPU
	EndGlobalSection
	GlobalSection(ProjectConfigurationPlatforms) = postSolution
		{3723FC83-187A-8A4E-CFC0-CEA47E615B19}.Debug|Any CPU.ActiveCfg = Debug|Any CPU
		{3723FC83-187A-8A4E-CFC0-CEA47E615B19}.Debug|Any CPU.Build.0 = Debug|Any CPU
		{3723FC83-187A-8A4E-CFC0-CEA47E615B19}.Release|Any CPU.ActiveCfg = Release|Any CPU
		{3723FC83-187A-8A4E-CFC0-CEA47E615B19}.Release|Any CPU.Build.0 = Release|Any CPU
		{7FA18694-9410-738A-2B77-CC5FCB0E40A2}.Debug|Any CPU.ActiveCfg = Debug|Any CPU
		{7FA18694-9410-738A-2B77-CC5FCB0E40A2}.Debug|Any CPU.Build.0 = Debug|Any CPU
		{7FA18694-9410-738A-2B77-CC5FCB0E40A2}.Release|Any CPU.ActiveCfg = Release|Any CPU
		{7FA18694-9410-738A-2B77-CC5FCB0E40A2}.Release|Any CPU.Build.0 = Release|Any CPU
	EndGlobalSection
	GlobalSection(SolutionProperties) = preSolution
		HideSolutionNode = FALSE
	EndGlobalSection
EndGlobal
